
Microsoft Visual Studio Solution File, Format Version 12.00
# Visual Studio Version 18
VisualStudioVersion = 18.6.11819.183 stable
MinimumVisualStudioVersion = 10.0.40219.1
Project("{FAE04EC0-301F-11D3-BF4B-00C04F79EFBC}") = "KeySolution.Api", "KeySolution.Api.csproj", "{8375FB81-BAA3-D56F-60FF-3166C095F2CC}"
EndProject
Global
	GlobalSection(SolutionConfigurationPlatforms) = preSolution
		Debug|Any CPU = Debug|Any CPU
		Release|Any CPU = Release|Any CPU
	EndGlobalSection
	GlobalSection(ProjectConfigurationPlatforms) = postSolution
		{8375FB81-BAA3-D56F-60FF-3166C095F2CC}.Debug|Any CPU.ActiveCfg = Debug|Any CPU
		{8375FB81-BAA3-D56F-60FF-3166C095F2CC}.Debug|Any CPU.Build.0 = Debug|Any CPU
		{8375FB81-BAA3-D56F-60FF-3166C095F2CC}.Release|Any CPU.ActiveCfg = Release|Any CPU
		{8375FB81-BAA3-D56F-60FF-3166C095F2CC}.Release|Any CPU.Build.0 = Release|Any CPU
	EndGlobalSection
	GlobalSection(SolutionProperties) = preSolution
		HideSolutionNode = FALSE
	EndGlobalSection
	GlobalSection(ExtensibilityGlobals) = postSolution
		SolutionGuid = {A21BA674-83EF-49C2-84A4-C97325C93CC2}
	EndGlobalSection
EndGlobal
